
Microsoft Visual Studio Solution File, Format Version 12.00
# Visual Studio Version 17
VisualStudioVersion = 17.9.34902.65
MinimumVisualStudioVersion = 10.0.40219.1
Project("{8BC9CEB8-8B4A-11D0-8D11-00A0C91BC942}") = "offsetoff", "offsetoff.vcxproj", "{A6636437-54DC-44DD-B9C1-E07429513BCB}"
EndProject
Global
	GlobalSection(SolutionConfigurationPlatforms) = preSolution
		Debug|x64 = Debug|x64
		Debug|x86 = Debug|x86
		Release|x64 = Release|x64
		Release|x86 = Release|x86
	EndGlobalSection
	GlobalSection(ProjectConfigurationPlatforms) = postSolution
		{A6636437-54DC-44DD-B9C1-E07429513BCB}.Debug|x64.ActiveCfg = Debug|x64
		{A6636437-54DC-44DD-B9C1-E07429513BCB}.Debug|x64.Build.0 = Debug|x64
		{A6636437-54DC-44DD-B9C1-E07429513BCB}.Debug|x86.ActiveCfg = Debug|Win32
		{A6636437-54DC-44DD-B9C1-E07429513BCB}.Debug|x86.Build.0 = Debug|Win32
		{A6636437-54DC-44DD-B9C1-E07429513BCB}.Release|x64.ActiveCfg = Release|x64
		{A6636437-54DC-44DD-B9C1-E07429513BCB}.Release|x64.Build.0 = Release|x64
		{A6636437-54DC-44DD-B9C1-E07429513BCB}.Release|x86.ActiveCfg = Release|Win32
		{A6636437-54DC-44DD-B9C1-E07429513BCB}.Release|x86.Build.0 = Release|Win32
	EndGlobalSection
	GlobalSection(SolutionProperties) = preSolution
		HideSolutionNode = FALSE
	EndGlobalSection
	GlobalSection(ExtensibilityGlobals) = postSolution
		SolutionGuid = {EE9BF18E-7E0E-47EA-8B47-7BE545F2338F}
	EndGlobalSection
EndGlobal
